// !$*UTF8*$!
{
	archiveVersion = 1;
	classes = {
	};
	objectVersion = 56;
	objects = {

/* Begin PBXBuildFile section */
		892677D52A17B82E000E18D4 /* AppDelegate.swift in Sources */ = {isa = PBXBuildFile; fileRef = 892677D42A17B82E000E18D4 /* AppDelegate.swift */; };
		892677D72A17B82E000E18D4 /* SceneDelegate.swift in Sources */ = {isa = PBXBuildFile; fileRef = 892677D62A17B82E000E18D4 /* SceneDelegate.swift */; };
		892677D92A17B82E000E18D4 /* ViewController.swift in Sources */ = {isa = PBXBuildFile; fileRef = 892677D82A17B82E000E18D4 /* ViewController.swift */; };
		892677DC2A17B82E000E18D4 /* Main.storyboard in Resources */ = {isa = PBXBuildFile; fileRef = 892677DA2A17B82E000E18D4 /* Main.storyboard */; };
		892677DE2A17B82E000E18D4 /* Assets.xcassets in Resources */ = {isa = PBXBuildFile; fileRef = 892677DD2A17B82E000E18D4 /* Assets.xcassets */; };
		892677E12A17B82E000E18D4 /* LaunchScreen.storyboard in Resources */ = {isa = PBXBuildFile; fileRef = 892677DF2A17B82E000E18D4 /* LaunchScreen.storyboard */; };
		892677EC2A17B82F000E18D4 /* RecipleaseTests.swift in Sources */ = {isa = PBXBuildFile; fileRef = 892677EB2A17B82F000E18D4 /* RecipleaseTests.swift */; };
		892677F62A17B82F000E18D4 /* RecipleaseUITests.swift in Sources */ = {isa = PBXBuildFile; fileRef = 892677F52A17B82F000E18D4 /* RecipleaseUITests.swift */; };
		892677F82A17B82F000E18D4 /* RecipleaseUITestsLaunchTests.swift in Sources */ = {isa = PBXBuildFile; fileRef = 892677F72A17B82F000E18D4 /* RecipleaseUITestsLaunchTests.swift */; };
/* End PBXBuildFile section */

/* Begin PBXContainerItemProxy section */
		892677E82A17B82F000E18D4 /* PBXContainerItemProxy */ = {
			isa = PBXContainerItemProxy;
			containerPortal = 892677C92A17B82E000E18D4 /* Project object */;
			proxyType = 1;
			remoteGlobalIDString = 892677D02A17B82E000E18D4;
			remoteInfo = Reciplease;
		};
		892677F22A17B82F000E18D4 /* PBXContainerItemProxy */ = {
			isa = PBXContainerItemProxy;
			containerPortal = 892677C92A17B82E000E18D4 /* Project object */;
			proxyType = 1;
			remoteGlobalIDString = 892677D02A17B82E000E18D4;
			remoteInfo = Reciplease;
		};
/* End PBXContainerItemProxy section */

/* Begin PBXFileReference section */
		892677D12A17B82E000E18D4 /* Reciplease.app */ = {isa = PBXFileReference; explicitFileType = wrapper.application; includeInIndex = 0; path = Reciplease.app; sourceTree = BUILT_PRODUCTS_DIR; };
		892677D42A17B82E000E18D4 /* AppDelegate.swift */ = {isa = PBXFileReference; lastKnownFileType = sourcecode.swift; path = AppDelegate.swift; sourceTree = "<group>"; };
		892677D62A17B82E000E18D4 /* SceneDelegate.swift */ = {isa = PBXFileReference; lastKnownFileType = sourcecode.swift; path = SceneDelegate.swift; sourceTree = "<group>"; };
		892677D82A17B82E000E18D4 /* ViewController.swift */ = {isa = PBXFileReference; lastKnownFileType = sourcecode.swift; path = ViewController.swift; sourceTree = "<group>"; };
		892677DB2A17B82E000E18D4 /* Base */ = {isa = PBXFileReference; lastKnownFileType = file.storyboard; name = Base; path = Base.lproj/Main.storyboard; sourceTree = "<group>"; };
		892677DD2A17B82E000E18D4 /* Assets.xcassets */ = {isa = PBXFileReference; lastKnownFileType = folder.assetcatalog; path = Assets.xcassets; sourceTree = "<group>"; };
		892677E02A17B82E000E18D4 /* Base */ = {isa = PBXFileReference; lastKnownFileType = file.storyboard; name = Base; path = Base.lproj/LaunchScreen.storyboard; sourceTree = "<group>"; };
		892677E22A17B82E000E18D4 /* Info.plist */ = {isa = PBXFileReference; lastKnownFileType = text.plist.xml; path = Info.plist; sourceTree = "<group>"; };
		892677E72A17B82F000E18D4 /* RecipleaseTests.xctest */ = {isa = PBXFileReference; explicitFileType = wrapper.cfbundle; includeInIndex = 0; path = RecipleaseTests.xctest; sourceTree = BUILT_PRODUCTS_DIR; };
		892677EB2A17B82F000E18D4 /* RecipleaseTests.swift */ = {isa = PBXFileReference; lastKnownFileType = sourcecode.swift; path = RecipleaseTests.swift; sourceTree = "<group>"; };
		892677F12A17B82F000E18D4 /* RecipleaseUITests.xctest */ = {isa = PBXFileReference; explicitFileType = wrapper.cfbundle; includeInIndex = 0; path = RecipleaseUITests.xctest; sourceTree = BUILT_PRODUCTS_DIR; };
		892677F52A17B82F000E18D4 /* RecipleaseUITests.swift */ = {isa = PBXFileReference; lastKnownFileType = sourcecode.swift; path = RecipleaseUITests.swift; sourceTree = "<group>"; };
		892677F72A17B82F000E18D4 /* RecipleaseUITestsLaunchTests.swift */ = {isa = PBXFileReference; lastKnownFileType = sourcecode.swift; path = RecipleaseUITestsLaunchTests.swift; sourceTree = "<group>"; };
/* End PBXFileReference section */

/* Begin PBXFrameworksBuildPhase section */
		892677CE2A17B82E000E18D4 /* Frameworks */ = {
			isa = PBXFrameworksBuildPhase;
			buildActionMask = 2147483647;
			files = (
			);
			runOnlyForDeploymentPostprocessing = 0;
		};
		892677E42A17B82F000E18D4 /* Frameworks */ = {
			isa = PBXFrameworksBuildPhase;
			buildActionMask = 2147483647;
			files = (
			);
			runOnlyForDeploymentPostprocessing = 0;
		};
		892677EE2A17B82F000E18D4 /* Frameworks */ = {
			isa = PBXFrameworksBuildPhase;
			buildActionMask = 2147483647;
			files = (
			);
			runOnlyForDeploymentPostprocessing = 0;
		};
/* End PBXFrameworksBuildPhase section */

/* Begin PBXGroup section */
		892677C82A17B82E000E18D4 = {
			isa = PBXGroup;
			children = (
				892677D32A17B82E000E18D4 /* Reciplease */,
				892677EA2A17B82F000E18D4 /* RecipleaseTests */,
				892677F42A17B82F000E18D4 /* RecipleaseUITests */,
				892677D22A17B82E000E18D4 /* Products */,
			);
			sourceTree = "<group>";
		};
		892677D22A17B82E000E18D4 /* Products */ = {
			isa = PBXGroup;
			children = (
				892677D12A17B82E000E18D4 /* Reciplease.app */,
				892677E72A17B82F000E18D4 /* RecipleaseTests.xctest */,
				892677F12A17B82F000E18D4 /* RecipleaseUITests.xctest */,
			);
			name = Products;
			sourceTree = "<group>";
		};
		892677D32A17B82E000E18D4 /* Reciplease */ = {
			isa = PBXGroup;
			children = (
				892677D42A17B82E000E18D4 /* AppDelegate.swift */,
				892677D62A17B82E000E18D4 /* SceneDelegate.swift */,
				892677D82A17B82E000E18D4 /* ViewController.swift */,
				892677DA2A17B82E000E18D4 /* Main.storyboard */,
				892677DD2A17B82E000E18D4 /* Assets.xcassets */,
				892677DF2A17B82E000E18D4 /* LaunchScreen.storyboard */,
				892677E22A17B82E000E18D4 /* Info.plist */,
			);
			path = Reciplease;
			sourceTree = "<group>";
		};
		892677EA2A17B82F000E18D4 /* RecipleaseTests */ = {
			isa = PBXGroup;
			children = (
				892677EB2A17B82F000E18D4 /* RecipleaseTests.swift */,
			);
			path = RecipleaseTests;
			sourceTree = "<group>";
		};
		892677F42A17B82F000E18D4 /* RecipleaseUITests */ = {
			isa = PBXGroup;
			children = (
				892677F52A17B82F000E18D4 /* RecipleaseUITests.swift */,
				892677F72A17B82F000E18D4 /* RecipleaseUITestsLaunchTests.swift */,
			);
			path = RecipleaseUITests;
			sourceTree = "<group>";
		};
/* End PBXGroup section */

/* Begin PBXNativeTarget section */
		892677D02A17B82E000E18D4 /* Reciplease */ = {
			isa = PBXNativeTarget;
			buildConfigurationList = 892677FB2A17B82F000E18D4 /* Build configuration list for PBXNativeTarget "Reciplease" */;
			buildPhases = (
				892677CD2A17B82E000E18D4 /* Sources */,
				892677CE2A17B82E000E18D4 /* Frameworks */,
				892677CF2A17B82E000E18D4 /* Resources */,
			);
			buildRules = (
			);
			dependencies = (
			);
			name = Reciplease;
			productName = Reciplease;
			productReference = 892677D12A17B82E000E18D4 /* Reciplease.app */;
			productType = "com.apple.product-type.application";
		};
		892677E62A17B82F000E18D4 /* RecipleaseTests */ = {
			isa = PBXNativeTarget;
			buildConfigurationList = 892677FE2A17B82F000E18D4 /* Build configuration list for PBXNativeTarget "RecipleaseTests" */;
			buildPhases = (
				892677E32A17B82F000E18D4 /* Sources */,
				892677E42A17B82F000E18D4 /* Frameworks */,
				892677E52A17B82F000E18D4 /* Resources */,
			);
			buildRules = (
			);
			dependencies = (
				892677E92A17B82F000E18D4 /* PBXTargetDependency */,
			);
			name = RecipleaseTests;
			productName = RecipleaseTests;
			productReference = 892677E72A17B82F000E18D4 /* RecipleaseTests.xctest */;
			productType = "com.apple.product-type.bundle.unit-test";
		};
		892677F02A17B82F000E18D4 /* RecipleaseUITests */ = {
			isa = PBXNativeTarget;
			buildConfigurationList = 892678012A17B82F000E18D4 /* Build configuration list for PBXNativeTarget "RecipleaseUITests" */;
			buildPhases = (
				892677ED2A17B82F000E18D4 /* Sources */,
				892677EE2A17B82F000E18D4 /* Frameworks */,
				892677EF2A17B82F000E18D4 /* Resources */,
			);
			buildRules = (
			);
			dependencies = (
				892677F32A17B82F000E18D4 /* PBXTargetDependency */,
			);
			name = RecipleaseUITests;
			productName = RecipleaseUITests;
			productReference = 892677F12A17B82F000E18D4 /* RecipleaseUITests.xctest */;
			productType = "com.apple.product-type.bundle.ui-testing";
		};
/* End PBXNativeTarget section */

/* Begin PBXProject section */
		892677C92A17B82E000E18D4 /* Project object */ = {
			isa = PBXProject;
			attributes = {
				BuildIndependentTargetsInParallel = 1;
				LastSwiftUpdateCheck = 1430;
				LastUpgradeCheck = 1430;
				TargetAttributes = {
					892677D02A17B82E000E18D4 = {
						CreatedOnToolsVersion = 14.3;
					};
					892677E62A17B82F000E18D4 = {
						CreatedOnToolsVersion = 14.3;
						TestTargetID = 892677D02A17B82E000E18D4;
					};
					892677F02A17B82F000E18D4 = {
						CreatedOnToolsVersion = 14.3;
						TestTargetID = 892677D02A17B82E000E18D4;
					};
				};
			};
			buildConfigurationList = 892677CC2A17B82E000E18D4 /* Build configuration list for PBXProject "Reciplease" */;
			compatibilityVersion = "Xcode 14.0";
			developmentRegion = en;
			hasScannedForEncodings = 0;
			knownRegions = (
				en,
				Base,
			);
			mainGroup = 892677C82A17B82E000E18D4;
			productRefGroup = 892677D22A17B82E000E18D4 /* Products */;
			projectDirPath = "";
			projectRoot = "";
			targets = (
				892677D02A17B82E000E18D4 /* Reciplease */,
				892677E62A17B82F000E18D4 /* RecipleaseTests */,
				892677F02A17B82F000E18D4 /* RecipleaseUITests */,
			);
		};
/* End PBXProject section */

/* Begin PBXResourcesBuildPhase section */
		892677CF2A17B82E000E18D4 /* Resources */ = {
			isa = PBXResourcesBuildPhase;
			buildActionMask = 2147483647;
			files = (
				892677E12A17B82E000E18D4 /* LaunchScreen.storyboard in Resources */,
				892677DE2A17B82E000E18D4 /* Assets.xcassets in Resources */,
				892677DC2A17B82E000E18D4 /* Main.storyboard in Resources */,
			);
			runOnlyForDeploymentPostprocessing = 0;
		};
		892677E52A17B82F000E18D4 /* Resources */ = {
			isa = PBXResourcesBuildPhase;
			buildActionMask = 2147483647;
			files = (
			);
			runOnlyForDeploymentPostprocessing = 0;
		};
		892677EF2A17B82F000E18D4 /* Resources */ = {
			isa = PBXResourcesBuildPhase;
			buildActionMask = 2147483647;
			files = (
			);
			runOnlyForDeploymentPostprocessing = 0;
		};
/* End PBXResourcesBuildPhase section */

/* Begin PBXSourcesBuildPhase section */
		892677CD2A17B82E000E18D4 /* Sources */ = {
			isa = PBXSourcesBuildPhase;
			buildActionMask = 2147483647;
			files = (
				892677D92A17B82E000E18D4 /* ViewController.swift in Sources */,
				892677D52A17B82E000E18D4 /* AppDelegate.swift in Sources */,
				892677D72A17B82E000E18D4 /* SceneDelegate.swift in Sources */,
			);
			runOnlyForDeploymentPostprocessing = 0;
		};
		892677E32A17B82F000E18D4 /* Sources */ = {
			isa = PBXSourcesBuildPhase;
			buildActionMask = 2147483647;
			files = (
				892677EC2A17B82F000E18D4 /* RecipleaseTests.swift in Sources */,
			);
			runOnlyForDeploymentPostprocessing = 0;
		};
		892677ED2A17B82F000E18D4 /* Sources */ = {
			isa = PBXSourcesBuildPhase;
			buildActionMask = 2147483647;
			files = (
				892677F62A17B82F000E18D4 /* RecipleaseUITests.swift in Sources */,
				892677F82A17B82F000E18D4 /* RecipleaseUITestsLaunchTests.swift in Sources */,
			);
			runOnlyForDeploymentPostprocessing = 0;
		};
/* End PBXSourcesBuildPhase section */

/* Begin PBXTargetDependency section */
		892677E92A17B82F000E18D4 /* PBXTargetDependency */ = {
			isa = PBXTargetDependency;
			target = 892677D02A17B82E000E18D4 /* Reciplease */;
			targetProxy = 892677E82A17B82F000E18D4 /* PBXContainerItemProxy */;
		};
		892677F32A17B82F000E18D4 /* PBXTargetDependency */ = {
			isa = PBXTargetDependency;
			target = 892677D02A17B82E000E18D4 /* Reciplease */;
			targetProxy = 892677F22A17B82F000E18D4 /* PBXContainerItemProxy */;
		};
/* End PBXTargetDependency section */

/* Begin PBXVariantGroup section */
		892677DA2A17B82E000E18D4 /* Main.storyboard */ = {
			isa = PBXVariantGroup;
			children = (
				892677DB2A17B82E000E18D4 /* Base */,
			);
			name = Main.storyboard;
			sourceTree = "<group>";
		};
		892677DF2A17B82E000E18D4 /* LaunchScreen.storyboard */ = {
			isa = PBXVariantGroup;
			children = (
				892677E02A17B82E000E18D4 /* Base */,
			);
			name = LaunchScreen.storyboard;
			sourceTree = "<group>";
		};
/* End PBXVariantGroup section */

/* Begin XCBuildConfiguration section */
		892677F92A17B82F000E18D4 /* Debug */ = {
			isa = XCBuildConfiguration;
			buildSettings = {
				ALWAYS_SEARCH_USER_PATHS = NO;
				CLANG_ANALYZER_NONNULL = YES;
				CLANG_ANALYZER_NUMBER_OBJECT_CONVERSION = YES_AGGRESSIVE;
				CLANG_CXX_LANGUAGE_STANDARD = "gnu++20";
				CLANG_ENABLE_MODULES = YES;
				CLANG_ENABLE_OBJC_ARC = YES;
				CLANG_ENABLE_OBJC_WEAK = YES;
				CLANG_WARN_BLOCK_CAPTURE_AUTORELEASING = YES;
				CLANG_WARN_BOOL_CONVERSION = YES;
				CLANG_WARN_COMMA = YES;
				CLANG_WARN_CONSTANT_CONVERSION = YES;
				CLANG_WARN_DEPRECATED_OBJC_IMPLEMENTATIONS = YES;
				CLANG_WARN_DIRECT_OBJC_ISA_USAGE = YES_ERROR;
				CLANG_WARN_DOCUMENTATION_COMMENTS = YES;
				CLANG_WARN_EMPTY_BODY = YES;
				CLANG_WARN_ENUM_CONVERSION = YES;
				CLANG_WARN_INFINITE_RECURSION = YES;
				CLANG_WARN_INT_CONVERSION = YES;
				CLANG_WARN_NON_LITERAL_NULL_CONVERSION = YES;
				CLANG_WARN_OBJC_IMPLICIT_RETAIN_SELF = YES;
				CLANG_WARN_OBJC_LITERAL_CONVERSION = YES;
				CLANG_WARN_OBJC_ROOT_CLASS = YES_ERROR;
				CLANG_WARN_QUOTED_INCLUDE_IN_FRAMEWORK_HEADER = YES;
				CLANG_WARN_RANGE_LOOP_ANALYSIS = YES;
				CLANG_WARN_STRICT_PROTOTYPES = YES;
				CLANG_WARN_SUSPICIOUS_MOVE = YES;
				CLANG_WARN_UNGUARDED_AVAILABILITY = YES_AGGRESSIVE;
				CLANG_WARN_UNREACHABLE_CODE = YES;
				CLANG_WARN__DUPLICATE_METHOD_MATCH = YES;
				COPY_PHASE_STRIP = NO;
				DEBUG_INFORMATION_FORMAT = dwarf;
				ENABLE_STRICT_OBJC_MSGSEND = YES;
				ENABLE_TESTABILITY = YES;
				GCC_C_LANGUAGE_STANDARD = gnu11;
				GCC_DYNAMIC_NO_PIC = NO;
				GCC_NO_COMMON_BLOCKS = YES;
				GCC_OPTIMIZATION_LEVEL = 0;
				GCC_PREPROCESSOR_DEFINITIONS = (
					"DEBUG=1",
					"$(inherited)",
				);
				GCC_WARN_64_TO_32_BIT_CONVERSION = YES;
				GCC_WARN_ABOUT_RETURN_TYPE = YES_ERROR;
				GCC_WARN_UNDECLARED_SELECTOR = YES;
				GCC_WARN_UNINITIALIZED_AUTOS = YES_AGGRESSIVE;
				GCC_WARN_UNUSED_FUNCTION = YES;
				GCC_WARN_UNUSED_VARIABLE = YES;
				IPHONEOS_DEPLOYMENT_TARGET = 16.4;
				MTL_ENABLE_DEBUG_INFO = INCLUDE_SOURCE;
				MTL_FAST_MATH = YES;
				ONLY_ACTIVE_ARCH = YES;
				SDKROOT = iphoneos;
				SWIFT_ACTIVE_COMPILATION_CONDITIONS = DEBUG;
				SWIFT_OPTIMIZATION_LEVEL = "-Onone";
			};
			name = Debug;
		};
		892677FA2A17B82F000E18D4 /* Release */ = {
			isa = XCBuildConfiguration;
			buildSettings = {
				ALWAYS_SEARCH_USER_PATHS = NO;
				CLANG_ANALYZER_NONNULL = YES;
				CLANG_ANALYZER_NUMBER_OBJECT_CONVERSION = YES_AGGRESSIVE;
				CLANG_CXX_LANGUAGE_STANDARD = "gnu++20";
				CLANG_ENABLE_MODULES = YES;
				CLANG_ENABLE_OBJC_ARC = YES;
				CLANG_ENABLE_OBJC_WEAK = YES;
				CLANG_WARN_BLOCK_CAPTURE_AUTORELEASING = YES;
				CLANG_WARN_BOOL_CONVERSION = YES;
				CLANG_WARN_COMMA = YES;
				CLANG_WARN_CONSTANT_CONVERSION = YES;
				CLANG_WARN_DEPRECATED_OBJC_IMPLEMENTATIONS = YES;
				CLANG_WARN_DIRECT_OBJC_ISA_USAGE = YES_ERROR;
				CLANG_WARN_DOCUMENTATION_COMMENTS = YES;
				CLANG_WARN_EMPTY_BODY = YES;
				CLANG_WARN_ENUM_CONVERSION = YES;
				CLANG_WARN_INFINITE_RECURSION = YES;
				CLANG_WARN_INT_CONVERSION = YES;
				CLANG_WARN_NON_LITERAL_NULL_CONVERSION = YES;
				CLANG_WARN_OBJC_IMPLICIT_RETAIN_SELF = YES;
				CLANG_WARN_OBJC_LITERAL_CONVERSION = YES;
				CLANG_WARN_OBJC_ROOT_CLASS = YES_ERROR;
				CLANG_WARN_QUOTED_INCLUDE_IN_FRAMEWORK_HEADER = YES;
				CLANG_WARN_RANGE_LOOP_ANALYSIS = YES;
				CLANG_WARN_STRICT_PROTOTYPES = YES;
				CLANG_WARN_SUSPICIOUS_MOVE = YES;
				CLANG_WARN_UNGUARDED_AVAILABILITY = YES_AGGRESSIVE;
				CLANG_WARN_UNREACHABLE_CODE = YES;
				CLANG_WARN__DUPLICATE_METHOD_MATCH = YES;
				COPY_PHASE_STRIP = NO;
				DEBUG_INFORMATION_FORMAT = "dwarf-with-dsym";
				ENABLE_NS_ASSERTIONS = NO;
				ENABLE_STRICT_OBJC_MSGSEND = YES;
				GCC_C_LANGUAGE_STANDARD = gnu11;
				GCC_NO_COMMON_BLOCKS = YES;
				GCC_WARN_64_TO_32_BIT_CONVERSION = YES;
				GCC_WARN_ABOUT_RETURN_TYPE = YES_ERROR;
				GCC_WARN_UNDECLARED_SELECTOR = YES;
				GCC_WARN_UNINITIALIZED_AUTOS = YES_AGGRESSIVE;
				GCC_WARN_UNUSED_FUNCTION = YES;
				GCC_WARN_UNUSED_VARIABLE = YES;
				IPHONEOS_DEPLOYMENT_TARGET = 16.4;
				MTL_ENABLE_DEBUG_INFO = NO;
				MTL_FAST_MATH = YES;
				SDKROOT = iphoneos;
				SWIFT_COMPILATION_MODE = wholemodule;
				SWIFT_OPTIMIZATION_LEVEL = "-O";
				VALIDATE_PRODUCT = YES;
			};
			name = Release;
		};
		892677FC2A17B82F000E18D4 /* Debug */ = {
			isa = XCBuildConfiguration;
			buildSettings = {
				ASSETCATALOG_COMPILER_APPICON_NAME = AppIcon;
				ASSETCATALOG_COMPILER_GLOBAL_ACCENT_COLOR_NAME = AccentColor;
				CODE_SIGN_STYLE = Automatic;
				CURRENT_PROJECT_VERSION = 1;
				DEVELOPMENT_TEAM = 7366265M49;
				GENERATE_INFOPLIST_FILE = YES;
				INFOPLIST_FILE = Reciplease/Info.plist;
				INFOPLIST_KEY_UIApplicationSupportsIndirectInputEvents = YES;
				INFOPLIST_KEY_UILaunchStoryboardName = LaunchScreen;
				INFOPLIST_KEY_UIMainStoryboardFile = Main;
				INFOPLIST_KEY_UISupportedInterfaceOrientations_iPad = "UIInterfaceOrientationPortrait UIInterfaceOrientationPortraitUpsideDown UIInterfaceOrientationLandscapeLeft UIInterfaceOrientationLandscapeRight";
				INFOPLIST_KEY_UISupportedInterfaceOrientations_iPhone = "UIInterfaceOrientationPortrait UIInterfaceOrientationLandscapeLeft UIInterfaceOrientationLandscapeRight";
				LD_RUNPATH_SEARCH_PATHS = (
					"$(inherited)",
					"@executable_path/Frameworks",
				);
				MARKETING_VERSION = 1.0;
				PRODUCT_BUNDLE_IDENTIFIER = com.maximegirard.Reciplease;
				PRODUCT_NAME = "$(TARGET_NAME)";
				SWIFT_EMIT_LOC_STRINGS = YES;
				SWIFT_VERSION = 5.0;
				TARGETED_DEVICE_FAMILY = "1,2";
			};
			name = Debug;
		};
		892677FD2A17B82F000E18D4 /* Release */ = {
			isa = XCBuildConfiguration;
			buildSettings = {
				ASSETCATALOG_COMPILER_APPICON_NAME = AppIcon;
				ASSETCATALOG_COMPILER_GLOBAL_ACCENT_COLOR_NAME = AccentColor;
				CODE_SIGN_STYLE = Automatic;
				CURRENT_PROJECT_VERSION = 1;
				DEVELOPMENT_TEAM = 7366265M49;
				GENERATE_INFOPLIST_FILE = YES;
				INFOPLIST_FILE = Reciplease/Info.plist;
				INFOPLIST_KEY_UIApplicationSupportsIndirectInputEvents = YES;
				INFOPLIST_KEY_UILaunchStoryboardName = LaunchScreen;
				INFOPLIST_KEY_UIMainStoryboardFile = Main;
				INFOPLIST_KEY_UISupportedInterfaceOrientations_iPad = "UIInterfaceOrientationPortrait UIInterfaceOrientationPortraitUpsideDown UIInterfaceOrientationLandscapeLeft UIInterfaceOrientationLandscapeRight";
				INFOPLIST_KEY_UISupportedInterfaceOrientations_iPhone = "UIInterfaceOrientationPortrait UIInterfaceOrientationLandscapeLeft UIInterfaceOrientationLandscapeRight";
				LD_RUNPATH_SEARCH_PATHS = (
					"$(inherited)",
					"@executable_path/Frameworks",
				);
				MARKETING_VERSION = 1.0;
				PRODUCT_BUNDLE_IDENTIFIER = com.maximegirard.Reciplease;
				PRODUCT_NAME = "$(TARGET_NAME)";
				SWIFT_EMIT_LOC_STRINGS = YES;
				SWIFT_VERSION = 5.0;
				TARGETED_DEVICE_FAMILY = "1,2";
			};
			name = Release;
		};
		892677FF2A17B82F000E18D4 /* Debug */ = {
			isa = XCBuildConfiguration;
			buildSettings = {
				ALWAYS_EMBED_SWIFT_STANDARD_LIBRARIES = YES;
				BUNDLE_LOADER = "$(TEST_HOST)";
				CODE_SIGN_STYLE = Automatic;
				CURRENT_PROJECT_VERSION = 1;
				DEVELOPMENT_TEAM = 7366265M49;
				GENERATE_INFOPLIST_FILE = YES;
				IPHONEOS_DEPLOYMENT_TARGET = 16.4;
				MARKETING_VERSION = 1.0;
				PRODUCT_BUNDLE_IDENTIFIER = com.maximegirard.RecipleaseTests;
				PRODUCT_NAME = "$(TARGET_NAME)";
				SWIFT_EMIT_LOC_STRINGS = NO;
				SWIFT_VERSION = 5.0;
				TARGETED_DEVICE_FAMILY = "1,2";
				TEST_HOST = "$(BUILT_PRODUCTS_DIR)/Reciplease.app/$(BUNDLE_EXECUTABLE_FOLDER_PATH)/Reciplease";
			};
			name = Debug;
		};
		892678002A17B82F000E18D4 /* Release */ = {
			isa = XCBuildConfiguration;
			buildSettings = {
				ALWAYS_EMBED_SWIFT_STANDARD_LIBRARIES = YES;
				BUNDLE_LOADER = "$(TEST_HOST)";
				CODE_SIGN_STYLE = Automatic;
				CURRENT_PROJECT_VERSION = 1;
				DEVELOPMENT_TEAM = 7366265M49;
				GENERATE_INFOPLIST_FILE = YES;
				IPHONEOS_DEPLOYMENT_TARGET = 16.4;
				MARKETING_VERSION = 1.0;
				PRODUCT_BUNDLE_IDENTIFIER = com.maximegirard.RecipleaseTests;
				PRODUCT_NAME = "$(TARGET_NAME)";
				SWIFT_EMIT_LOC_STRINGS = NO;
				SWIFT_VERSION = 5.0;
				TARGETED_DEVICE_FAMILY = "1,2";
				TEST_HOST = "$(BUILT_PRODUCTS_DIR)/Reciplease.app/$(BUNDLE_EXECUTABLE_FOLDER_PATH)/Reciplease";
			};
			name = Release;
		};
		892678022A17B82F000E18D4 /* Debug */ = {
			isa = XCBuildConfiguration;
			buildSettings = {
				ALWAYS_EMBED_SWIFT_STANDARD_LIBRARIES = YES;
				CODE_SIGN_STYLE = Automatic;
				CURRENT_PROJECT_VERSION = 1;
				DEVELOPMENT_TEAM = 7366265M49;
				GENERATE_INFOPLIST_FILE = YES;
				MARKETING_VERSION = 1.0;
				PRODUCT_BUNDLE_IDENTIFIER = com.maximegirard.RecipleaseUITests;
				PRODUCT_NAME = "$(TARGET_NAME)";
				SWIFT_EMIT_LOC_STRINGS = NO;
				SWIFT_VERSION = 5.0;
				TARGETED_DEVICE_FAMILY = "1,2";
				TEST_TARGET_NAME = Reciplease;
			};
			name = Debug;
		};
		892678032A17B82F000E18D4 /* Release */ = {
			isa = XCBuildConfiguration;
			buildSettings = {
				ALWAYS_EMBED_SWIFT_STANDARD_LIBRARIES = YES;
				CODE_SIGN_STYLE = Automatic;
				CURRENT_PROJECT_VERSION = 1;
				DEVELOPMENT_TEAM = 7366265M49;
				GENERATE_INFOPLIST_FILE = YES;
				MARKETING_VERSION = 1.0;
				PRODUCT_BUNDLE_IDENTIFIER = com.maximegirard.RecipleaseUITests;
				PRODUCT_NAME = "$(TARGET_NAME)";
				SWIFT_EMIT_LOC_STRINGS = NO;
				SWIFT_VERSION = 5.0;
				TARGETED_DEVICE_FAMILY = "1,2";
				TEST_TARGET_NAME = Reciplease;
			};
			name = Release;
		};
/* End XCBuildConfiguration section */

/* Begin XCConfigurationList section */
		892677CC2A17B82E000E18D4 /* Build configuration list for PBXProject "Reciplease" */ = {
			isa = XCConfigurationList;
			buildConfigurations = (
				892677F92A17B82F000E18D4 /* Debug */,
				892677FA2A17B82F000E18D4 /* Release */,
			);
			defaultConfigurationIsVisible = 0;
			defaultConfigurationName = Release;
		};
		892677FB2A17B82F000E18D4 /* Build configuration list for PBXNativeTarget "Reciplease" */ = {
			isa = XCConfigurationList;
			buildConfigurations = (
				892677FC2A17B82F000E18D4 /* Debug */,
				892677FD2A17B82F000E18D4 /* Release */,
			);
			defaultConfigurationIsVisible = 0;
			defaultConfigurationName = Release;
		};
		892677FE2A17B82F000E18D4 /* Build configuration list for PBXNativeTarget "RecipleaseTests" */ = {
			isa = XCConfigurationList;
			buildConfigurations = (
				892677FF2A17B82F000E18D4 /* Debug */,
				892678002A17B82F000E18D4 /* Release */,
			);
			defaultConfigurationIsVisible = 0;
			defaultConfigurationName = Release;
		};
		892678012A17B82F000E18D4 /* Build configuration list for PBXNativeTarget "RecipleaseUITests" */ = {
			isa = XCConfigurationList;
			buildConfigurations = (
				892678022A17B82F000E18D4 /* Debug */,
				892678032A17B82F000E18D4 /* Release */,
			);
			defaultConfigurationIsVisible = 0;
			defaultConfigurationName = Release;
		};
/* End XCConfigurationList section */
	};
	rootObject = 892677C92A17B82E000E18D4 /* Project object */;
}
